github.com/a-h/templ v0.2.543 h1:8YyLvyUtf0/IE2nIwZ62Z/m2o2NqwhnMynzOL78Lzbk=
github.com/a-h/templ v0.2.543/go.mod h1:jP908DQCwI08IrnTalhzSEH9WJqG/Q94+EODQcJGFUA=
github.com/go-chi/chi v1.5.5 h1:vOB/HbEMt9QqBqErz07QehcOKHaWFtuj87tTDVz2qXE=
github.com/go-chi/chi v1.5.5/go.mod h1:C9JqLr3tIYjDOZpzn+BCuxY8z8vmca43EeMgyZt7irw=
github.com/go-chi/chi/v5 v5.0.12 h1:9euLV5sTrTNTRUU9POmDUvfxyj6LAABLUcEWO+JJb4s=
github.com/go-chi/chi/v5 v5.0.12/go.mod h1:DslCQbL2OYiznFReuXYUmQ2hGd1aDpCnlMNITLSKoi8=
github.com/google/go-cmp v0.6.0 h1:ofyhxvXcZhMsU5ulbFiLKl/XBFqE1GSq7atu8tAmTRI=
github.com/google/go-cmp v0.6.0/go.mod h1:17dUlkBOakJ0+DkrSSNjCkIjxS6bF9zb3elmeNGIjoY=
github.com/google/uuid v1.6.0 h1:NIvaJDMOsjHA8n1jAhLSgzrAzy1Hgr+hNrb57e+94F0=
github.com/google/uuid v1.6.0/go.mod h1:TIyPZe4MgqvfeYDBFedMoGGpEw/LqOeaOT+nhxU+yHo=
github.com/gorilla/schema v1.2.1 h1:tjDxcmdb+siIqkTNoV+qRH2mjYdr2hHe5MKXbp61ziM=
github.com/gorilla/schema v1.2.1/go.mod h1:Dg5SSm5PV60mhF2NFaTV1xuYYj8tV8NOPRo4FggUMnM=
github.com/mattn/go-sqlite3 v1.14.19 h1:fhGleo2h1p8tVChob4I9HpmVFIAkKGpiukdrgQbWfGI=
github.com/mattn/go-sqlite3 v1.14.19/go.mod h1:2eHXhiwb8IkHr+BDWZGa96P6+rkvnG63S2DGjv9HUNg=
